// !$*UTF8*$!
{
	archiveVersion = 1;
	classes = {
	};
	objectVersion = 56;
	objects = {

/* Begin PBXBuildFile section */
		4E7238872A4AE18300E1D068 /* FractalGenerator_swiftAndcppApp.swift in Sources */ = {isa = PBXBuildFile; fileRef = 4E7238862A4AE18300E1D068 /* FractalGenerator_swiftAndcppApp.swift */; };
		4E7238892A4AE18300E1D068 /* ContentView.swift in Sources */ = {isa = PBXBuildFile; fileRef = 4E7238882A4AE18300E1D068 /* ContentView.swift */; };
		4E72388B2A4AE18500E1D068 /* Assets.xcassets in Resources */ = {isa = PBXBuildFile; fileRef = 4E72388A2A4AE18500E1D068 /* Assets.xcassets */; };
		4E72388E2A4AE18500E1D068 /* Preview Assets.xcassets in Resources */ = {isa = PBXBuildFile; fileRef = 4E72388D2A4AE18500E1D068 /* Preview Assets.xcassets */; };
		4E7238972A4AE20500E1D068 /* Complex.cpp in Sources */ = {isa = PBXBuildFile; fileRef = 4E7238952A4AE20500E1D068 /* Complex.cpp */; };
		4E72389A2A4AE2FB00E1D068 /* generateFractal.cpp in Sources */ = {isa = PBXBuildFile; fileRef = 4E7238982A4AE2FB00E1D068 /* generateFractal.cpp */; };
		4E7238C72A4EEB8600E1D068 /* Custom enums.swift in Sources */ = {isa = PBXBuildFile; fileRef = 4E7238C62A4EEB8600E1D068 /* Custom enums.swift */; };
		4E832A602A4F084E00BDC9B6 /* ViewModel.swift in Sources */ = {isa = PBXBuildFile; fileRef = 4E832A5F2A4F084E00BDC9B6 /* ViewModel.swift */; };
		4E832A622A4F192000BDC9B6 /* ConvertingBMPs.swift in Sources */ = {isa = PBXBuildFile; fileRef = 4E832A612A4F192000BDC9B6 /* ConvertingBMPs.swift */; };
		4E832A642A51A4B100BDC9B6 /* CreateGIF.swift in Sources */ = {isa = PBXBuildFile; fileRef = 4E832A632A51A4B100BDC9B6 /* CreateGIF.swift */; };
/* End PBXBuildFile section */

/* Begin PBXFileReference section */
		4E7238832A4AE18300E1D068 /* FractalGenerator.app */ = {isa = PBXFileReference; explicitFileType = wrapper.application; includeInIndex = 0; path = FractalGenerator.app; sourceTree = BUILT_PRODUCTS_DIR; };
		4E7238862A4AE18300E1D068 /* FractalGenerator_swiftAndcppApp.swift */ = {isa = PBXFileReference; lastKnownFileType = sourcecode.swift; path = FractalGenerator_swiftAndcppApp.swift; sourceTree = "<group>"; };
		4E7238882A4AE18300E1D068 /* ContentView.swift */ = {isa = PBXFileReference; lastKnownFileType = sourcecode.swift; path = ContentView.swift; sourceTree = "<group>"; };
		4E72388A2A4AE18500E1D068 /* Assets.xcassets */ = {isa = PBXFileReference; lastKnownFileType = folder.assetcatalog; path = Assets.xcassets; sourceTree = "<group>"; };
		4E72388D2A4AE18500E1D068 /* Preview Assets.xcassets */ = {isa = PBXFileReference; lastKnownFileType = folder.assetcatalog; path = "Preview Assets.xcassets"; sourceTree = "<group>"; };
		4E72388F2A4AE18500E1D068 /* FractalGenerator_swiftAndcpp.entitlements */ = {isa = PBXFileReference; lastKnownFileType = text.plist.entitlements; path = FractalGenerator_swiftAndcpp.entitlements; sourceTree = "<group>"; };
		4E7238952A4AE20500E1D068 /* Complex.cpp */ = {isa = PBXFileReference; lastKnownFileType = sourcecode.cpp.cpp; path = Complex.cpp; sourceTree = "<group>"; };
		4E7238962A4AE20500E1D068 /* Complex.h */ = {isa = PBXFileReference; lastKnownFileType = sourcecode.c.h; path = Complex.h; sourceTree = "<group>"; };
		4E7238982A4AE2FB00E1D068 /* generateFractal.cpp */ = {isa = PBXFileReference; lastKnownFileType = sourcecode.cpp.cpp; path = generateFractal.cpp; sourceTree = "<group>"; };
		4E7238992A4AE2FB00E1D068 /* generateFractal.h */ = {isa = PBXFileReference; lastKnownFileType = sourcecode.c.h; path = generateFractal.h; sourceTree = "<group>"; };
		4E72389D2A4AEA2800E1D068 /* FractalGenerator-Bridging-header.h */ = {isa = PBXFileReference; lastKnownFileType = sourcecode.c.h; path = "FractalGenerator-Bridging-header.h"; sourceTree = "<group>"; };
		4E7238C62A4EEB8600E1D068 /* Custom enums.swift */ = {isa = PBXFileReference; lastKnownFileType = sourcecode.swift; path = "Custom enums.swift"; sourceTree = "<group>"; };
		4E832A5F2A4F084E00BDC9B6 /* ViewModel.swift */ = {isa = PBXFileReference; lastKnownFileType = sourcecode.swift; path = ViewModel.swift; sourceTree = "<group>"; };
		4E832A612A4F192000BDC9B6 /* ConvertingBMPs.swift */ = {isa = PBXFileReference; lastKnownFileType = sourcecode.swift; path = ConvertingBMPs.swift; sourceTree = "<group>"; };
		4E832A632A51A4B100BDC9B6 /* CreateGIF.swift */ = {isa = PBXFileReference; lastKnownFileType = sourcecode.swift; path = CreateGIF.swift; sourceTree = "<group>"; };
/* End PBXFileReference section */

/* Begin PBXFrameworksBuildPhase section */
		4E7238802A4AE18300E1D068 /* Frameworks */ = {
			isa = PBXFrameworksBuildPhase;
			buildActionMask = 2147483647;
			files = (
			);
			runOnlyForDeploymentPostprocessing = 0;
		};
/* End PBXFrameworksBuildPhase section */

/* Begin PBXGroup section */
		4E72387A2A4AE18300E1D068 = {
			isa = PBXGroup;
			children = (
				4E7238852A4AE18300E1D068 /* FractalGenerator_swiftAndcpp */,
				4E7238842A4AE18300E1D068 /* Products */,
			);
			sourceTree = "<group>";
		};
		4E7238842A4AE18300E1D068 /* Products */ = {
			isa = PBXGroup;
			children = (
				4E7238832A4AE18300E1D068 /* FractalGenerator.app */,
			);
			name = Products;
			sourceTree = "<group>";
		};
		4E7238852A4AE18300E1D068 /* FractalGenerator_swiftAndcpp */ = {
			isa = PBXGroup;
			children = (
				4E72389D2A4AEA2800E1D068 /* FractalGenerator-Bridging-header.h */,
				4E7238862A4AE18300E1D068 /* FractalGenerator_swiftAndcppApp.swift */,
				4E832A632A51A4B100BDC9B6 /* CreateGIF.swift */,
				4E7238882A4AE18300E1D068 /* ContentView.swift */,
				4E832A612A4F192000BDC9B6 /* ConvertingBMPs.swift */,
				4E832A5F2A4F084E00BDC9B6 /* ViewModel.swift */,
				4E7238C62A4EEB8600E1D068 /* Custom enums.swift */,
				4E7238952A4AE20500E1D068 /* Complex.cpp */,
				4E7238962A4AE20500E1D068 /* Complex.h */,
				4E7238982A4AE2FB00E1D068 /* generateFractal.cpp */,
				4E7238992A4AE2FB00E1D068 /* generateFractal.h */,
				4E72388A2A4AE18500E1D068 /* Assets.xcassets */,
				4E72388F2A4AE18500E1D068 /* FractalGenerator_swiftAndcpp.entitlements */,
				4E72388C2A4AE18500E1D068 /* Preview Content */,
			);
			path = FractalGenerator_swiftAndcpp;
			sourceTree = "<group>";
		};
		4E72388C2A4AE18500E1D068 /* Preview Content */ = {
			isa = PBXGroup;
			children = (
				4E72388D2A4AE18500E1D068 /* Preview Assets.xcassets */,
			);
			path = "Preview Content";
			sourceTree = "<group>";
		};
/* End PBXGroup section */

/* Begin PBXNativeTarget section */
		4E7238822A4AE18300E1D068 /* FractalGenerator */ = {
			isa = PBXNativeTarget;
			buildConfigurationList = 4E7238922A4AE18500E1D068 /* Build configuration list for PBXNativeTarget "FractalGenerator" */;
			buildPhases = (
				4E72387F2A4AE18300E1D068 /* Sources */,
				4E7238802A4AE18300E1D068 /* Frameworks */,
				4E7238812A4AE18300E1D068 /* Resources */,
			);
			buildRules = (
			);
			dependencies = (
			);
			name = FractalGenerator;
			productName = FractalGenerator_swiftAndcpp;
			productReference = 4E7238832A4AE18300E1D068 /* FractalGenerator.app */;
			productType = "com.apple.product-type.application";
		};
/* End PBXNativeTarget section */

/* Begin PBXProject section */
		4E72387B2A4AE18300E1D068 /* Project object */ = {
			isa = PBXProject;
			attributes = {
				BuildIndependentTargetsInParallel = 1;
				LastSwiftUpdateCheck = 1430;
				LastUpgradeCheck = 1430;
				TargetAttributes = {
					4E7238822A4AE18300E1D068 = {
						CreatedOnToolsVersion = 14.3.1;
						LastSwiftMigration = 1430;
					};
				};
			};
			buildConfigurationList = 4E72387E2A4AE18300E1D068 /* Build configuration list for PBXProject "FractalGenerator_swiftAndcpp" */;
			compatibilityVersion = "Xcode 14.0";
			developmentRegion = en;
			hasScannedForEncodings = 0;
			knownRegions = (
				en,
				Base,
			);
			mainGroup = 4E72387A2A4AE18300E1D068;
			productRefGroup = 4E7238842A4AE18300E1D068 /* Products */;
			projectDirPath = "";
			projectRoot = "";
			targets = (
				4E7238822A4AE18300E1D068 /* FractalGenerator */,
			);
		};
/* End PBXProject section */

/* Begin PBXResourcesBuildPhase section */
		4E7238812A4AE18300E1D068 /* Resources */ = {
			isa = PBXResourcesBuildPhase;
			buildActionMask = 2147483647;
			files = (
				4E72388E2A4AE18500E1D068 /* Preview Assets.xcassets in Resources */,
				4E72388B2A4AE18500E1D068 /* Assets.xcassets in Resources */,
			);
			runOnlyForDeploymentPostprocessing = 0;
		};
/* End PBXResourcesBuildPhase section */

/* Begin PBXSourcesBuildPhase section */
		4E72387F2A4AE18300E1D068 /* Sources */ = {
			isa = PBXSourcesBuildPhase;
			buildActionMask = 2147483647;
			files = (
				4E72389A2A4AE2FB00E1D068 /* generateFractal.cpp in Sources */,
				4E7238972A4AE20500E1D068 /* Complex.cpp in Sources */,
				4E7238C72A4EEB8600E1D068 /* Custom enums.swift in Sources */,
				4E7238892A4AE18300E1D068 /* ContentView.swift in Sources */,
				4E832A622A4F192000BDC9B6 /* ConvertingBMPs.swift in Sources */,
				4E832A602A4F084E00BDC9B6 /* ViewModel.swift in Sources */,
				4E7238872A4AE18300E1D068 /* FractalGenerator_swiftAndcppApp.swift in Sources */,
				4E832A642A51A4B100BDC9B6 /* CreateGIF.swift in Sources */,
			);
			runOnlyForDeploymentPostprocessing = 0;
		};
/* End PBXSourcesBuildPhase section */

/* Begin XCBuildConfiguration section */
		4E7238902A4AE18500E1D068 /* Debug */ = {
			isa = XCBuildConfiguration;
			buildSettings = {
				ALWAYS_SEARCH_USER_PATHS = NO;
				CLANG_ANALYZER_NONNULL = YES;
				CLANG_ANALYZER_NUMBER_OBJECT_CONVERSION = YES_AGGRESSIVE;
				CLANG_CXX_LANGUAGE_STANDARD = "gnu++20";
				CLANG_ENABLE_MODULES = YES;
				CLANG_ENABLE_OBJC_ARC = YES;
				CLANG_ENABLE_OBJC_WEAK = YES;
				CLANG_WARN_BLOCK_CAPTURE_AUTORELEASING = YES;
				CLANG_WARN_BOOL_CONVERSION = YES;
				CLANG_WARN_COMMA = YES;
				CLANG_WARN_CONSTANT_CONVERSION = YES;
				CLANG_WARN_DEPRECATED_OBJC_IMPLEMENTATIONS = YES;
				CLANG_WARN_DIRECT_OBJC_ISA_USAGE = YES_ERROR;
				CLANG_WARN_DOCUMENTATION_COMMENTS = YES;
				CLANG_WARN_EMPTY_BODY = YES;
				CLANG_WARN_ENUM_CONVERSION = YES;
				CLANG_WARN_INFINITE_RECURSION = YES;
				CLANG_WARN_INT_CONVERSION = YES;
				CLANG_WARN_NON_LITERAL_NULL_CONVERSION = YES;
				CLANG_WARN_OBJC_IMPLICIT_RETAIN_SELF = YES;
				CLANG_WARN_OBJC_LITERAL_CONVERSION = YES;
				CLANG_WARN_OBJC_ROOT_CLASS = YES_ERROR;
				CLANG_WARN_QUOTED_INCLUDE_IN_FRAMEWORK_HEADER = YES;
				CLANG_WARN_RANGE_LOOP_ANALYSIS = YES;
				CLANG_WARN_STRICT_PROTOTYPES = YES;
				CLANG_WARN_SUSPICIOUS_MOVE = YES;
				CLANG_WARN_UNGUARDED_AVAILABILITY = YES_AGGRESSIVE;
				CLANG_WARN_UNREACHABLE_CODE = YES;
				CLANG_WARN__DUPLICATE_METHOD_MATCH = YES;
				COPY_PHASE_STRIP = NO;
				DEBUG_INFORMATION_FORMAT = dwarf;
				ENABLE_STRICT_OBJC_MSGSEND = YES;
				ENABLE_TESTABILITY = YES;
				GCC_C_LANGUAGE_STANDARD = gnu11;
				GCC_DYNAMIC_NO_PIC = NO;
				GCC_NO_COMMON_BLOCKS = YES;
				GCC_OPTIMIZATION_LEVEL = 0;
				GCC_PREPROCESSOR_DEFINITIONS = (
					"DEBUG=1",
					"$(inherited)",
				);
				GCC_WARN_64_TO_32_BIT_CONVERSION = YES;
				GCC_WARN_ABOUT_RETURN_TYPE = YES_ERROR;
				GCC_WARN_UNDECLARED_SELECTOR = YES;
				GCC_WARN_UNINITIALIZED_AUTOS = YES_AGGRESSIVE;
				GCC_WARN_UNUSED_FUNCTION = YES;
				GCC_WARN_UNUSED_VARIABLE = YES;
				MACOSX_DEPLOYMENT_TARGET = 13.2;
				MTL_ENABLE_DEBUG_INFO = INCLUDE_SOURCE;
				MTL_FAST_MATH = YES;
				ONLY_ACTIVE_ARCH = YES;
				SDKROOT = macosx;
				SWIFT_ACTIVE_COMPILATION_CONDITIONS = DEBUG;
				SWIFT_OPTIMIZATION_LEVEL = "-Onone";
			};
			name = Debug;
		};
		4E7238912A4AE18500E1D068 /* Release */ = {
			isa = XCBuildConfiguration;
			buildSettings = {
				ALWAYS_SEARCH_USER_PATHS = NO;
				CLANG_ANALYZER_NONNULL = YES;
				CLANG_ANALYZER_NUMBER_OBJECT_CONVERSION = YES_AGGRESSIVE;
				CLANG_CXX_LANGUAGE_STANDARD = "gnu++20";
				CLANG_ENABLE_MODULES = YES;
				CLANG_ENABLE_OBJC_ARC = YES;
				CLANG_ENABLE_OBJC_WEAK = YES;
				CLANG_WARN_BLOCK_CAPTURE_AUTORELEASING = YES;
				CLANG_WARN_BOOL_CONVERSION = YES;
				CLANG_WARN_COMMA = YES;
				CLANG_WARN_CONSTANT_CONVERSION = YES;
				CLANG_WARN_DEPRECATED_OBJC_IMPLEMENTATIONS = YES;
				CLANG_WARN_DIRECT_OBJC_ISA_USAGE = YES_ERROR;
				CLANG_WARN_DOCUMENTATION_COMMENTS = YES;
				CLANG_WARN_EMPTY_BODY = YES;
				CLANG_WARN_ENUM_CONVERSION = YES;
				CLANG_WARN_INFINITE_RECURSION = YES;
				CLANG_WARN_INT_CONVERSION = YES;
				CLANG_WARN_NON_LITERAL_NULL_CONVERSION = YES;
				CLANG_WARN_OBJC_IMPLICIT_RETAIN_SELF = YES;
				CLANG_WARN_OBJC_LITERAL_CONVERSION = YES;
				CLANG_WARN_OBJC_ROOT_CLASS = YES_ERROR;
				CLANG_WARN_QUOTED_INCLUDE_IN_FRAMEWORK_HEADER = YES;
				CLANG_WARN_RANGE_LOOP_ANALYSIS = YES;
				CLANG_WARN_STRICT_PROTOTYPES = YES;
				CLANG_WARN_SUSPICIOUS_MOVE = YES;
				CLANG_WARN_UNGUARDED_AVAILABILITY = YES_AGGRESSIVE;
				CLANG_WARN_UNREACHABLE_CODE = YES;
				CLANG_WARN__DUPLICATE_METHOD_MATCH = YES;
				COPY_PHASE_STRIP = NO;
				DEBUG_INFORMATION_FORMAT = "dwarf-with-dsym";
				ENABLE_NS_ASSERTIONS = NO;
				ENABLE_STRICT_OBJC_MSGSEND = YES;
				GCC_C_LANGUAGE_STANDARD = gnu11;
				GCC_NO_COMMON_BLOCKS = YES;
				GCC_WARN_64_TO_32_BIT_CONVERSION = YES;
				GCC_WARN_ABOUT_RETURN_TYPE = YES_ERROR;
				GCC_WARN_UNDECLARED_SELECTOR = YES;
				GCC_WARN_UNINITIALIZED_AUTOS = YES_AGGRESSIVE;
				GCC_WARN_UNUSED_FUNCTION = YES;
				GCC_WARN_UNUSED_VARIABLE = YES;
				MACOSX_DEPLOYMENT_TARGET = 13.2;
				MTL_ENABLE_DEBUG_INFO = NO;
				MTL_FAST_MATH = YES;
				SDKROOT = macosx;
				SWIFT_COMPILATION_MODE = wholemodule;
				SWIFT_OPTIMIZATION_LEVEL = "-O";
			};
			name = Release;
		};
		4E7238932A4AE18500E1D068 /* Debug */ = {
			isa = XCBuildConfiguration;
			buildSettings = {
				ASSETCATALOG_COMPILER_APPICON_NAME = AppIcon;
				ASSETCATALOG_COMPILER_GLOBAL_ACCENT_COLOR_NAME = AccentColor;
				CLANG_ENABLE_MODULES = YES;
				CODE_SIGN_ENTITLEMENTS = FractalGenerator_swiftAndcpp/FractalGenerator_swiftAndcpp.entitlements;
				CODE_SIGN_STYLE = Automatic;
				COMBINE_HIDPI_IMAGES = YES;
				CURRENT_PROJECT_VERSION = 1;
				DEVELOPMENT_ASSET_PATHS = "\"FractalGenerator_swiftAndcpp/Preview Content\"";
				DEVELOPMENT_TEAM = HRRR9LV6T9;
				ENABLE_HARDENED_RUNTIME = YES;
				ENABLE_PREVIEWS = YES;
				GENERATE_INFOPLIST_FILE = YES;
				INFOPLIST_KEY_NSHumanReadableCopyright = "";
				LD_RUNPATH_SEARCH_PATHS = (
					"$(inherited)",
					"@executable_path/../Frameworks",
				);
				MARKETING_VERSION = 1.0;
				PRODUCT_BUNDLE_IDENTIFIER = Staryk.FractalGenerator;
				PRODUCT_NAME = "$(TARGET_NAME)";
				SWIFT_EMIT_LOC_STRINGS = YES;
				SWIFT_OBJC_BRIDGING_HEADER = "Fractalgenerator_swiftAndcpp/FractalGenerator-Bridging-header.h";
				SWIFT_OPTIMIZATION_LEVEL = "-Onone";
				SWIFT_VERSION = 5.0;
			};
			name = Debug;
		};
		4E7238942A4AE18500E1D068 /* Release */ = {
			isa = XCBuildConfiguration;
			buildSettings = {
				ASSETCATALOG_COMPILER_APPICON_NAME = AppIcon;
				ASSETCATALOG_COMPILER_GLOBAL_ACCENT_COLOR_NAME = AccentColor;
				CLANG_ENABLE_MODULES = YES;
				CODE_SIGN_ENTITLEMENTS = FractalGenerator_swiftAndcpp/FractalGenerator_swiftAndcpp.entitlements;
				CODE_SIGN_STYLE = Automatic;
				COMBINE_HIDPI_IMAGES = YES;
				CURRENT_PROJECT_VERSION = 1;
				DEVELOPMENT_ASSET_PATHS = "\"FractalGenerator_swiftAndcpp/Preview Content\"";
				DEVELOPMENT_TEAM = HRRR9LV6T9;
				ENABLE_HARDENED_RUNTIME = YES;
				ENABLE_PREVIEWS = YES;
				GENERATE_INFOPLIST_FILE = YES;
				INFOPLIST_KEY_NSHumanReadableCopyright = "";
				LD_RUNPATH_SEARCH_PATHS = (
					"$(inherited)",
					"@executable_path/../Frameworks",
				);
				MARKETING_VERSION = 1.0;
				PRODUCT_BUNDLE_IDENTIFIER = Staryk.FractalGenerator;
				PRODUCT_NAME = "$(TARGET_NAME)";
				SWIFT_EMIT_LOC_STRINGS = YES;
				SWIFT_OBJC_BRIDGING_HEADER = "Fractalgenerator_swiftAndcpp/FractalGenerator-Bridging-header.h";
				SWIFT_VERSION = 5.0;
			};
			name = Release;
		};
/* End XCBuildConfiguration section */

/* Begin XCConfigurationList section */
		4E72387E2A4AE18300E1D068 /* Build configuration list for PBXProject "FractalGenerator_swiftAndcpp" */ = {
			isa = XCConfigurationList;
			buildConfigurations = (
				4E7238902A4AE18500E1D068 /* Debug */,
				4E7238912A4AE18500E1D068 /* Release */,
			);
			defaultConfigurationIsVisible = 0;
			defaultConfigurationName = Release;
		};
		4E7238922A4AE18500E1D068 /* Build configuration list for PBXNativeTarget "FractalGenerator" */ = {
			isa = XCConfigurationList;
			buildConfigurations = (
				4E7238932A4AE18500E1D068 /* Debug */,
				4E7238942A4AE18500E1D068 /* Release */,
			);
			defaultConfigurationIsVisible = 0;
			defaultConfigurationName = Release;
		};
/* End XCConfigurationList section */
	};
	rootObject = 4E72387B2A4AE18300E1D068 /* Project object */;
}
